<?xml version="1.0" encoding="utf-8"?>
<Project ToolsVersion="4.0" xmlns="http://schemas.microsoft.com/developer/msbuild/2003">
  <ItemGroup>
    <Filter Include="리소스 파일">
      <UniqueIdentifier>{67DA6AB6-F800-4c08-8B7A-83BB121AAD01}</UniqueIdentifier>
      <Extensions>rc;ico;cur;bmp;dlg;rc2;rct;bin;rgs;gif;jpg;jpeg;jpe;resx;tiff;tif;png;wav;mfcribbon-ms</Extensions>
    </Filter>
    <Filter Include="Default">
      <UniqueIdentifier>{44637711-5c31-4a78-a126-11ad18b294ba}</UniqueIdentifier>
    </Filter>
    <Filter Include="Engine">
      <UniqueIdentifier>{02756ed4-8bc7-4060-96a0-114c97ea37dc}</UniqueIdentifier>
    </Filter>
    <Filter Include="Engine\01. Core">
      <UniqueIdentifier>{7b4f18de-b780-49f6-844a-1acc8c3fdeb1}</UniqueIdentifier>
    </Filter>
    <Filter Include="Engine\02. Manager">
      <UniqueIdentifier>{f2f869a8-d2b1-4c6c-abf6-3942380e48b8}</UniqueIdentifier>
    </Filter>
    <Filter Include="Engine\99. Header">
      <UniqueIdentifier>{db5191d7-db19-476f-bd56-f21636c88e45}</UniqueIdentifier>
    </Filter>
    <Filter Include="Engine\03. Object">
      <UniqueIdentifier>{72b1a040-6972-4969-aeb9-fbf7296b123a}</UniqueIdentifier>
    </Filter>
    <Filter Include="Engine\04. Scene">
      <UniqueIdentifier>{e854d33c-3cbc-4c1a-824d-e6d42d811345}</UniqueIdentifier>
    </Filter>
    <Filter Include="Engine\05. Resource">
      <UniqueIdentifier>{bbf36fb7-a875-47da-87a2-b1fe97c0a065}</UniqueIdentifier>
    </Filter>
    <Filter Include="Engine\06. Component">
      <UniqueIdentifier>{2f9dcc2e-ceae-4161-85f0-f652cfcdd506}</UniqueIdentifier>
    </Filter>
    <Filter Include="Engine\07. Module">
      <UniqueIdentifier>{ec499769-3097-4d06-8abb-b25ff4a1a933}</UniqueIdentifier>
    </Filter>
    <Filter Include="Engine\06. Component\Animator">
      <UniqueIdentifier>{a1f37c72-8d9e-42ba-88ac-1f8468e02657}</UniqueIdentifier>
    </Filter>
    <Filter Include="Engine\06. Component\Physics">
      <UniqueIdentifier>{c045dca5-2b86-4504-8ca0-1dab63c21939}</UniqueIdentifier>
    </Filter>
    <Filter Include="Engine\03. Object\UI">
      <UniqueIdentifier>{90ea23fe-0536-477a-942f-e972d2fd2a2c}</UniqueIdentifier>
    </Filter>
    <Filter Include="Engine\03. Object\Enemy">
      <UniqueIdentifier>{9df1d55d-5775-4b8d-b679-aad38b094cac}</UniqueIdentifier>
    </Filter>
    <Filter Include="Engine\06. Component\Stat">
      <UniqueIdentifier>{0fa51ca3-72fb-433f-8873-f136e2f5e308}</UniqueIdentifier>
    </Filter>
    <Filter Include="Engine\03. Windows">
      <UniqueIdentifier>{e2715499-01d7-4ac7-97b4-aed651e8fc43}</UniqueIdentifier>
    </Filter>
    <Filter Include="Engine\06. Component\Upgrade">
      <UniqueIdentifier>{28e4b67c-7189-4967-b6e3-ebce60d676fa}</UniqueIdentifier>
    </Filter>
  </ItemGroup>
  <ItemGroup>
    <ClInclude Include="2024_winapigamep_framework_22.h">
      <Filter>Default</Filter>
    </ClInclude>
    <ClInclude Include="framework.h">
      <Filter>Default</Filter>
    </ClInclude>
    <ClInclude Include="Resource.h">
      <Filter>Default</Filter>
    </ClInclude>
    <ClInclude Include="targetver.h">
      <Filter>Default</Filter>
    </ClInclude>
    <ClInclude Include="Core.h">
      <Filter>Engine\01. Core</Filter>
    </ClInclude>
    <ClInclude Include="Define.h">
      <Filter>Engine\99. Header</Filter>
    </ClInclude>
    <ClInclude Include="pch.h">
      <Filter>Engine\99. Header</Filter>
    </ClInclude>
    <ClInclude Include="TimeManager.h">
      <Filter>Engine\02. Manager</Filter>
    </ClInclude>
    <ClInclude Include="Enums.h">
      <Filter>Engine\99. Header</Filter>
    </ClInclude>
    <ClInclude Include="BaseWindow.h">
      <Filter>Engine\01. Core</Filter>
    </ClInclude>
    <ClInclude Include="InputManager.h">
      <Filter>Engine\02. Manager</Filter>
    </ClInclude>
    <ClInclude Include="Object.h">
      <Filter>Engine\03. Object</Filter>
    </ClInclude>
    <ClInclude Include="Vector2.h">
      <Filter>Engine\99. Header</Filter>
    </ClInclude>
    <ClInclude Include="Scene.h">
      <Filter>Engine\04. Scene</Filter>
    </ClInclude>
    <ClInclude Include="SceneManager.h">
      <Filter>Engine\02. Manager</Filter>
    </ClInclude>
    <ClInclude Include="ResourceBase.h">
      <Filter>Engine\05. Resource</Filter>
    </ClInclude>
    <ClInclude Include="Texture.h">
      <Filter>Engine\05. Resource</Filter>
    </ClInclude>
    <ClInclude Include="ResourceManager.h">
      <Filter>Engine\02. Manager</Filter>
    </ClInclude>
    <ClInclude Include="Component.h">
      <Filter>Engine\06. Component</Filter>
    </ClInclude>
    <ClInclude Include="GDISelector.h">
      <Filter>Engine\07. Module</Filter>
    </ClInclude>
    <ClInclude Include="CollisionManager.h">
      <Filter>Engine\02. Manager</Filter>
    </ClInclude>
    <ClInclude Include="EventManager.h">
      <Filter>Engine\02. Manager</Filter>
    </ClInclude>
    <ClInclude Include="Sprite.h">
      <Filter>Engine\05. Resource</Filter>
    </ClInclude>
    <ClInclude Include="Collider.h">
      <Filter>Engine\06. Component\Physics</Filter>
    </ClInclude>
    <ClInclude Include="AnimationClip.h">
      <Filter>Engine\06. Component\Animator</Filter>
    </ClInclude>
    <ClInclude Include="Animator.h">
      <Filter>Engine\06. Component\Animator</Filter>
    </ClInclude>
    <ClInclude Include="SpriteRenderer.h">
      <Filter>Engine\06. Component\Animator</Filter>
    </ClInclude>
    <ClInclude Include="TestObject.h">
      <Filter>Engine\03. Object</Filter>
    </ClInclude>
    <ClInclude Include="Window.h">
      <Filter>Engine\03. Windows</Filter>
    </ClInclude>
    <ClInclude Include="WindowObject.h">
      <Filter>Engine\03. Object</Filter>
    </ClInclude>
    <ClInclude Include="Utils.h">
      <Filter>Engine</Filter>
    </ClInclude>
    <ClInclude Include="Action.h">
      <Filter>Engine\07. Module</Filter>
    </ClInclude>
    <ClInclude Include="UI.h">
      <Filter>Engine\03. Object\UI</Filter>
    </ClInclude>
    <ClInclude Include="TitleScene.h">
      <Filter>Engine\04. Scene</Filter>
    </ClInclude>
    <ClInclude Include="WindowManager.h">
      <Filter>Engine\02. Manager</Filter>
    </ClInclude>
    <ClInclude Include="Enemy.h">
      <Filter>Engine\03. Object\Enemy</Filter>
    </ClInclude>
    <ClInclude Include="EnemyTestScene.h">
      <Filter>Engine\04. Scene</Filter>
    </ClInclude>
    <ClInclude Include="CCTV.h">
      <Filter>Engine\03. Object</Filter>
    </ClInclude>
    <ClInclude Include="Player.h">
      <Filter>Engine\03. Object</Filter>
    </ClInclude>
    <ClInclude Include="InGameScene.h">
      <Filter>Engine\04. Scene</Filter>
    </ClInclude>
    <ClInclude Include="Camera.h">
      <Filter>Engine\03. Object</Filter>
    </ClInclude>
    <ClInclude Include="BarUI.h">
      <Filter>Engine\03. Object\UI</Filter>
    </ClInclude>
    <ClInclude Include="Beacon.h">
      <Filter>Engine\03. Object</Filter>
    </ClInclude>
    <ClInclude Include="WindowUI.h">
      <Filter>Engine\03. Object\UI</Filter>
    </ClInclude>
    <ClInclude Include="CopyWindow.h">
      <Filter>Engine\03. Windows</Filter>
    </ClInclude>
    <ClInclude Include="NewWindow.h">
      <Filter>Engine\03. Windows</Filter>
    </ClInclude>
    <ClInclude Include="PopupManager.h">
      <Filter>Engine\02. Manager</Filter>
    </ClInclude>
    <ClInclude Include="ImageUI.h">
      <Filter>Engine\03. Object\UI</Filter>
    </ClInclude>
    <ClInclude Include="PanelUI.h">
      <Filter>Engine\03. Object\UI</Filter>
    </ClInclude>
    <ClInclude Include="PopupUI.h">
      <Filter>Engine\03. Object\UI</Filter>
    </ClInclude>
    <ClInclude Include="TextUI.h">
      <Filter>Engine\03. Object\UI</Filter>
    </ClInclude>
    <ClInclude Include="FadeInOut.h">
      <Filter>Engine\03. Object</Filter>
    </ClInclude>
    <ClInclude Include="SpawnManager.h">
      <Filter>Engine\02. Manager</Filter>
    </ClInclude>
    <ClInclude Include="CaptureObject.h">
      <Filter>Engine\03. Object</Filter>
    </ClInclude>
    <ClInclude Include="Stat.h">
      <Filter>Engine\06. Component\Stat</Filter>
    </ClInclude>
    <ClInclude Include="StatComponent.h">
      <Filter>Engine\06. Component\Stat</Filter>
    </ClInclude>
    <ClInclude Include="BasicEnemy.h">
      <Filter>Engine\03. Object\Enemy</Filter>
    </ClInclude>
    <ClInclude Include="UpgradeComponent.h">
      <Filter>Engine\06. Component\Upgrade</Filter>
    </ClInclude>
    <ClInclude Include="DamageUpgrade.h">
      <Filter>Engine\06. Component\Upgrade</Filter>
    </ClInclude>
    <ClInclude Include="Upgrade.h">
      <Filter>Engine\06. Component\Upgrade</Filter>
    </ClInclude>
    <ClInclude Include="UpgradeUI.h">
      <Filter>Engine\06. Component\Upgrade</Filter>
    </ClInclude>
    <ClInclude Include="PlayerDevice.h">
      <Filter>Engine\03. Object</Filter>
    </ClInclude>
    <ClInclude Include="PlayerManager.h">
      <Filter>Engine\02. Manager</Filter>
    </ClInclude>
  </ItemGroup>
  <ItemGroup>
    <ResourceCompile Include="2024_winapigamep_framework_22.rc">
      <Filter>리소스 파일</Filter>
    </ResourceCompile>
  </ItemGroup>
  <ItemGroup>
    <Image Include="small.ico">
      <Filter>리소스 파일</Filter>
    </Image>
    <Image Include="2024_winapigamep_framework_22.ico">
      <Filter>리소스 파일</Filter>
    </Image>
  </ItemGroup>
  <ItemGroup>
    <ClCompile Include="main.cpp">
      <Filter>Engine\01. Core</Filter>
    </ClCompile>
    <ClCompile Include="Core.cpp">
      <Filter>Engine\01. Core</Filter>
    </ClCompile>
    <ClCompile Include="TimeManager.cpp">
      <Filter>Engine\02. Manager</Filter>
    </ClCompile>
    <ClCompile Include="BaseWindow.cpp">
      <Filter>Engine\01. Core</Filter>
    </ClCompile>
    <ClCompile Include="InputManager.cpp">
      <Filter>Engine\02. Manager</Filter>
    </ClCompile>
    <ClCompile Include="Object.cpp">
      <Filter>Engine\03. Object</Filter>
    </ClCompile>
    <ClCompile Include="Scene.cpp">
      <Filter>Engine\04. Scene</Filter>
    </ClCompile>
    <ClCompile Include="SceneManager.cpp">
      <Filter>Engine\02. Manager</Filter>
    </ClCompile>
    <ClCompile Include="ResourceBase.cpp">
      <Filter>Engine\05. Resource</Filter>
    </ClCompile>
    <ClCompile Include="Texture.cpp">
      <Filter>Engine\05. Resource</Filter>
    </ClCompile>
    <ClCompile Include="ResourceManager.cpp">
      <Filter>Engine\02. Manager</Filter>
    </ClCompile>
    <ClCompile Include="Component.cpp">
      <Filter>Engine\06. Component</Filter>
    </ClCompile>
    <ClCompile Include="GDISelector.cpp">
      <Filter>Engine\07. Module</Filter>
    </ClCompile>
    <ClCompile Include="CollisionManager.cpp">
      <Filter>Engine\02. Manager</Filter>
    </ClCompile>
    <ClCompile Include="EventManager.cpp">
      <Filter>Engine\02. Manager</Filter>
    </ClCompile>
    <ClCompile Include="Sprite.cpp">
      <Filter>Engine\05. Resource</Filter>
    </ClCompile>
    <ClCompile Include="Collider.cpp">
      <Filter>Engine\06. Component\Physics</Filter>
    </ClCompile>
    <ClCompile Include="AnimationClip.cpp">
      <Filter>Engine\06. Component\Animator</Filter>
    </ClCompile>
    <ClCompile Include="Animator.cpp">
      <Filter>Engine\06. Component\Animator</Filter>
    </ClCompile>
    <ClCompile Include="SpriteRenderer.cpp">
      <Filter>Engine\06. Component\Animator</Filter>
    </ClCompile>
    <ClCompile Include="TestObject.cpp">
      <Filter>Engine\03. Object</Filter>
    </ClCompile>
    <ClCompile Include="Window.cpp">
      <Filter>Engine\03. Windows</Filter>
    </ClCompile>
    <ClCompile Include="WindowObject.cpp">
      <Filter>Engine\03. Object</Filter>
    </ClCompile>
    <ClCompile Include="Utils.cpp">
      <Filter>Engine</Filter>
    </ClCompile>
    <ClCompile Include="UI.cpp">
      <Filter>Engine\03. Object\UI</Filter>
    </ClCompile>
    <ClCompile Include="TitleScene.cpp">
      <Filter>Engine\04. Scene</Filter>
    </ClCompile>
    <ClCompile Include="WindowManager.cpp">
      <Filter>Engine\02. Manager</Filter>
    </ClCompile>
    <ClCompile Include="Enemy.cpp">
      <Filter>Engine\03. Object\Enemy</Filter>
    </ClCompile>
    <ClCompile Include="CCTV.cpp">
      <Filter>Engine\03. Object</Filter>
    </ClCompile>
    <ClCompile Include="Player.cpp">
      <Filter>Engine\03. Object</Filter>
    </ClCompile>
    <ClCompile Include="InGameScene.cpp">
      <Filter>Engine\04. Scene</Filter>
    </ClCompile>
    <ClCompile Include="Camera.cpp">
      <Filter>Engine\03. Object</Filter>
    </ClCompile>
    <ClCompile Include="BarUI.cpp">
      <Filter>Engine\03. Object\UI</Filter>
    </ClCompile>
    <ClCompile Include="Beacon.cpp">
      <Filter>Engine\03. Object</Filter>
    </ClCompile>
    <ClCompile Include="WindowUI.cpp">
      <Filter>Engine\03. Object\UI</Filter>
    </ClCompile>
    <ClCompile Include="EnemyTestScene.cpp">
      <Filter>Engine\04. Scene</Filter>
    </ClCompile>
    <ClCompile Include="CopyWindow.cpp">
      <Filter>Engine\03. Windows</Filter>
    </ClCompile>
    <ClCompile Include="NewWindow.cpp">
      <Filter>Engine\03. Windows</Filter>
    </ClCompile>
    <ClCompile Include="FadeInOut.cpp">
      <Filter>Engine\03. Object</Filter>
    </ClCompile>
    <ClCompile Include="PopupManager.cpp">
      <Filter>Engine\02. Manager</Filter>
    </ClCompile>
    <ClCompile Include="ImageUI.cpp">
      <Filter>Engine\03. Object\UI</Filter>
    </ClCompile>
    <ClCompile Include="PanelUI.cpp">
      <Filter>Engine\03. Object\UI</Filter>
    </ClCompile>
    <ClCompile Include="PopupUI.cpp">
      <Filter>Engine\03. Object\UI</Filter>
    </ClCompile>
    <ClCompile Include="TextUI.cpp">
      <Filter>Engine\03. Object\UI</Filter>
    </ClCompile>
    <ClCompile Include="SpawnManager.cpp">
      <Filter>Engine\02. Manager</Filter>
    </ClCompile>
    <ClCompile Include="CaptureObject.cpp">
      <Filter>Engine\03. Object</Filter>
    </ClCompile>
    <ClCompile Include="Stat.cpp">
      <Filter>Engine\06. Component\Stat</Filter>
    </ClCompile>
    <ClCompile Include="StatComponent.cpp">
      <Filter>Engine\06. Component\Stat</Filter>
    </ClCompile>
    <ClCompile Include="BasicEnemy.cpp">
      <Filter>Engine\03. Object\Enemy</Filter>
    </ClCompile>
    <ClCompile Include="UpgradeComponent.cpp">
      <Filter>Engine\06. Component\Upgrade</Filter>
    </ClCompile>
    <ClCompile Include="DamageUpgrade.cpp">
      <Filter>Engine\06. Component\Upgrade</Filter>
    </ClCompile>
    <ClCompile Include="Upgrade.cpp">
      <Filter>Engine\06. Component\Upgrade</Filter>
    </ClCompile>
    <ClCompile Include="UpgradeUI.cpp">
      <Filter>Engine\06. Component\Upgrade</Filter>
    </ClCompile>
    <ClCompile Include="PlayerManager.cpp">
      <Filter>Engine\02. Manager</Filter>
    </ClCompile>
  </ItemGroup>
  <ItemGroup>
    <None Include="ClassDiagram.cd" />
  </ItemGroup>
</Project>